
Microsoft Visual Studio Solution File, Format Version 12.00
# Visual Studio Version 16
VisualStudioVersion = 16.0.29102.190
MinimumVisualStudioVersion = 10.0.40219.1
Project("{8BC9CEB8-8B4A-11D0-8D11-00A0C91BC942}") = "lab3threads", "lab3threads\lab3threads.vcxproj", "{4CF7773F-8CEF-4034-AE5B-49DE10AED3FD}"
EndProject
Project("{8BC9CEB8-8B4A-11D0-8D11-00A0C91BC942}") = "thread-pool", "thread-pool\thread-pool.vcxproj", "{06207D4E-41C3-4565-8659-2F155AB82413}"
EndProject
Global
	GlobalSection(SolutionConfigurationPlatforms) = preSolution
		Debug|x64 = Debug|x64
		Debug|x86 = Debug|x86
		Release|x64 = Release|x64
		Release|x86 = Release|x86
	EndGlobalSection
	GlobalSection(ProjectConfigurationPlatforms) = postSolution
		{4CF7773F-8CEF-4034-AE5B-49DE10AED3FD}.Debug|x64.ActiveCfg = Debug|x64
		{4CF7773F-8CEF-4034-AE5B-49DE10AED3FD}.Debug|x64.Build.0 = Debug|x64
		{4CF7773F-8CEF-4034-AE5B-49DE10AED3FD}.Debug|x86.ActiveCfg = Debug|Win32
		{4CF7773F-8CEF-4034-AE5B-49DE10AED3FD}.Debug|x86.Build.0 = Debug|Win32
		{4CF7773F-8CEF-4034-AE5B-49DE10AED3FD}.Release|x64.ActiveCfg = Release|x64
		{4CF7773F-8CEF-4034-AE5B-49DE10AED3FD}.Release|x64.Build.0 = Release|x64
		{4CF7773F-8CEF-4034-AE5B-49DE10AED3FD}.Release|x86.ActiveCfg = Release|Win32
		{4CF7773F-8CEF-4034-AE5B-49DE10AED3FD}.Release|x86.Build.0 = Release|Win32
		{06207D4E-41C3-4565-8659-2F155AB82413}.Debug|x64.ActiveCfg = Debug|x64
		{06207D4E-41C3-4565-8659-2F155AB82413}.Debug|x64.Build.0 = Debug|x64
		{06207D4E-41C3-4565-8659-2F155AB82413}.Debug|x86.ActiveCfg = Debug|Win32
		{06207D4E-41C3-4565-8659-2F155AB82413}.Debug|x86.Build.0 = Debug|Win32
		{06207D4E-41C3-4565-8659-2F155AB82413}.Release|x64.ActiveCfg = Release|x64
		{06207D4E-41C3-4565-8659-2F155AB82413}.Release|x64.Build.0 = Release|x64
		{06207D4E-41C3-4565-8659-2F155AB82413}.Release|x86.ActiveCfg = Release|Win32
		{06207D4E-41C3-4565-8659-2F155AB82413}.Release|x86.Build.0 = Release|Win32
	EndGlobalSection
	GlobalSection(SolutionProperties) = preSolution
		HideSolutionNode = FALSE
	EndGlobalSection
	GlobalSection(ExtensibilityGlobals) = postSolution
		SolutionGuid = {89F84F72-7559-497F-AE36-200068253A0C}
	EndGlobalSection
EndGlobal
